
Microsoft Visual Studio Solution File, Format Version 12.00
# Visual Studio Version 17
VisualStudioVersion = 17.5.33516.290
MinimumVisualStudioVersion = 10.0.40219.1
Project("{2150E333-8FDC-42A3-9474-1A3956D46DE8}") = "release_control", "release_control", "{41501FAF-A255-47C3-AECA-4EFA4D7B626F}"
EndProject
Project("{2150E333-8FDC-42A3-9474-1A3956D46DE8}") = "consolidated_daily", "consolidated_daily", "{254504E6-4D38-419F-9443-5744263DA788}"
EndProject
Project("{2150E333-8FDC-42A3-9474-1A3956D46DE8}") = "work", "work", "{7DF4EEC5-FD47-4D37-8563-FD48007183D2}"
EndProject
Project("{2150E333-8FDC-42A3-9474-1A3956D46DE8}") = "core", "core", "{AC6E58B8-2F84-4910-A36C-CC0FC1CEDAB8}"
EndProject
Project("{2150E333-8FDC-42A3-9474-1A3956D46DE8}") = "infra", "infra", "{2A977B8B-F40F-4D7B-8F63-81506B610FEB}"
EndProject
Project("{2150E333-8FDC-42A3-9474-1A3956D46DE8}") = "tests", "tests", "{635511D0-EADC-40ED-B119-138A678F76D6}"
EndProject
Project("{2150E333-8FDC-42A3-9474-1A3956D46DE8}") = "api", "api", "{7FC4E8A7-F6C3-45B9-86BF-E4DC717B9BF2}"
EndProject
Project("{2150E333-8FDC-42A3-9474-1A3956D46DE8}") = "common", "common", "{1366A657-0E06-48BB-A6DC-4222AAD024D5}"
EndProject
Project("{2150E333-8FDC-42A3-9474-1A3956D46DE8}") = "core", "core", "{CDB94373-9789-4622-BCFD-043EC7D11FCD}"
EndProject
Project("{2150E333-8FDC-42A3-9474-1A3956D46DE8}") = "infra", "infra", "{A1848B7B-CB82-44CE-8CA2-02827FCB1B5F}"
EndProject
Project("{2150E333-8FDC-42A3-9474-1A3956D46DE8}") = "work", "work", "{1F3333D6-E1E7-41EE-95B1-0CFB546F6E4E}"
EndProject
Project("{2150E333-8FDC-42A3-9474-1A3956D46DE8}") = "tests", "tests", "{A079B24D-623A-4295-BABB-B07D7E3009B2}"
EndProject
Project("{9A19103F-16F7-4668-BE54-9A1E7A4F7556}") = "CashFlow.RC.Domain", "CashFlow.RC.Domain\CashFlow.RC.Domain.csproj", "{7064E6D8-31F1-411E-B207-3EE73E9B7607}"
EndProject
Project("{9A19103F-16F7-4668-BE54-9A1E7A4F7556}") = "CashFlow.RC.Common", "CashFlow.RC.Common\CashFlow.RC.Common.csproj", "{C31A4383-FB19-4321-BB89-A9CED1E469D0}"
EndProject
Project("{9A19103F-16F7-4668-BE54-9A1E7A4F7556}") = "CashFlow.RC.Infra", "CashFlow.RC.Infra\CashFlow.RC.Infra.csproj", "{64C4F85E-1A43-4049-9BD8-440175AAF0A2}"
EndProject
Project("{2150E333-8FDC-42A3-9474-1A3956D46DE8}") = "common_components", "common_components", "{4AC62876-F233-43CA-843E-3739D1125E94}"
EndProject
Project("{9A19103F-16F7-4668-BE54-9A1E7A4F7556}") = "CashFlow.NATS", "CashFlow.NATS\CashFlow.NATS.csproj", "{044F11E5-C658-4A47-A315-41FE7144F127}"
EndProject
Project("{9A19103F-16F7-4668-BE54-9A1E7A4F7556}") = "CashFlow.RC.API", "CashFlow.RC.API\CashFlow.RC.API.csproj", "{915DDDE6-C6FE-4214-B167-B265D32DF4BB}"
EndProject
Project("{9A19103F-16F7-4668-BE54-9A1E7A4F7556}") = "CashFlow.RC.API.Service", "CashFlow.RC.API.Service\CashFlow.RC.API.Service.csproj", "{C53FB286-6D23-484D-B655-1F04CBC8580D}"
EndProject
Project("{9A19103F-16F7-4668-BE54-9A1E7A4F7556}") = "CashFlow.RC.Work", "CashFlow.RC.Work\CashFlow.RC.Work.csproj", "{E86A276A-4B89-44C7-9A3C-0EA6EAA45E41}"
EndProject
Project("{9A19103F-16F7-4668-BE54-9A1E7A4F7556}") = "CashFlow.CD.Domain", "CashFlow.CD.Domain\CashFlow.CD.Domain.csproj", "{691C8BA7-3BD2-44C8-9E74-F03F2A1A3F9B}"
EndProject
Project("{9A19103F-16F7-4668-BE54-9A1E7A4F7556}") = "CashFlow.CD.Work", "CashFlow.CD.Work\CashFlow.CD.Work.csproj", "{604AEF91-F42F-4093-ACE8-3BD18597A17C}"
EndProject
Project("{9A19103F-16F7-4668-BE54-9A1E7A4F7556}") = "CashFlow.Util", "CashFlow.Util\CashFlow.Util.csproj", "{74B65A44-7FAA-4DCE-8A10-6B1D7F5EFFF5}"
EndProject
Project("{9A19103F-16F7-4668-BE54-9A1E7A4F7556}") = "CashFlow.CD.Infra", "CashFlow.CD.Infra\CashFlow.CD.Infra.csproj", "{4747F01B-5652-486D-8945-284B04096205}"
EndProject
Project("{2150E333-8FDC-42A3-9474-1A3956D46DE8}") = "api", "api", "{33C0E1C5-AAEA-4705-AB67-A136DCCAD96C}"
EndProject
Project("{9A19103F-16F7-4668-BE54-9A1E7A4F7556}") = "CashFlow.CD.Api", "CashFlow.CD.Api\CashFlow.CD.Api.csproj", "{0F9B6ECE-5425-4D61-B081-3AD3A0CF51B2}"
EndProject
Project("{9A19103F-16F7-4668-BE54-9A1E7A4F7556}") = "CashFlow.CD.API.Service", "CashFlow.CD.API.Service\CashFlow.CD.API.Service.csproj", "{958A4432-01F2-4DD5-8CDC-2590AA7453B0}"
EndProject
Project("{9A19103F-16F7-4668-BE54-9A1E7A4F7556}") = "CashFlow.RC.Domain.Test", "CashFlow.RC.Domain.Test\CashFlow.RC.Domain.Test.csproj", "{E2907CDD-D7EF-4259-944F-8A4B1B4612CF}"
EndProject
Project("{2150E333-8FDC-42A3-9474-1A3956D46DE8}") = "tests", "tests", "{3CEAF4A3-77DA-4FDE-B992-71330794A70B}"
EndProject
Project("{9A19103F-16F7-4668-BE54-9A1E7A4F7556}") = "CashFlow.RC.Tests", "CashFlow.RC.Tests\CashFlow.RC.Tests.csproj", "{240A7652-9877-4344-AE23-0122DA9E08DC}"
EndProject
Project("{FAE04EC0-301F-11D3-BF4B-00C04F79EFBC}") = "CashFlow.CD.Domain.Test", "CashFlow.CD.Domain.Test\CashFlow.CD.Domain.Test.csproj", "{3E39A43C-C299-4892-A37C-2B0ED04077AB}"
EndProject
Project("{2150E333-8FDC-42A3-9474-1A3956D46DE8}") = "tests", "tests", "{76C78F56-E6D2-4631-8610-E167F6831D7F}"
EndProject
Project("{FAE04EC0-301F-11D3-BF4B-00C04F79EFBC}") = "CashFlow.CD", "CashFlow.CD\CashFlow.CD.csproj", "{096FA47B-710E-406B-8CC9-65E06B8DB803}"
EndProject
Global
	GlobalSection(SolutionConfigurationPlatforms) = preSolution
		Debug|Any CPU = Debug|Any CPU
		Release|Any CPU = Release|Any CPU
	EndGlobalSection
	GlobalSection(ProjectConfigurationPlatforms) = postSolution
		{7064E6D8-31F1-411E-B207-3EE73E9B7607}.Debug|Any CPU.ActiveCfg = Debug|Any CPU
		{7064E6D8-31F1-411E-B207-3EE73E9B7607}.Debug|Any CPU.Build.0 = Debug|Any CPU
		{7064E6D8-31F1-411E-B207-3EE73E9B7607}.Release|Any CPU.ActiveCfg = Release|Any CPU
		{7064E6D8-31F1-411E-B207-3EE73E9B7607}.Release|Any CPU.Build.0 = Release|Any CPU
		{C31A4383-FB19-4321-BB89-A9CED1E469D0}.Debug|Any CPU.ActiveCfg = Debug|Any CPU
		{C31A4383-FB19-4321-BB89-A9CED1E469D0}.Debug|Any CPU.Build.0 = Debug|Any CPU
		{C31A4383-FB19-4321-BB89-A9CED1E469D0}.Release|Any CPU.ActiveCfg = Release|Any CPU
		{C31A4383-FB19-4321-BB89-A9CED1E469D0}.Release|Any CPU.Build.0 = Release|Any CPU
		{64C4F85E-1A43-4049-9BD8-440175AAF0A2}.Debug|Any CPU.ActiveCfg = Debug|Any CPU
		{64C4F85E-1A43-4049-9BD8-440175AAF0A2}.Debug|Any CPU.Build.0 = Debug|Any CPU
		{64C4F85E-1A43-4049-9BD8-440175AAF0A2}.Release|Any CPU.ActiveCfg = Release|Any CPU
		{64C4F85E-1A43-4049-9BD8-440175AAF0A2}.Release|Any CPU.Build.0 = Release|Any CPU
		{044F11E5-C658-4A47-A315-41FE7144F127}.Debug|Any CPU.ActiveCfg = Debug|Any CPU
		{044F11E5-C658-4A47-A315-41FE7144F127}.Debug|Any CPU.Build.0 = Debug|Any CPU
		{044F11E5-C658-4A47-A315-41FE7144F127}.Release|Any CPU.ActiveCfg = Release|Any CPU
		{044F11E5-C658-4A47-A315-41FE7144F127}.Release|Any CPU.Build.0 = Release|Any CPU
		{915DDDE6-C6FE-4214-B167-B265D32DF4BB}.Debug|Any CPU.ActiveCfg = Debug|Any CPU
		{915DDDE6-C6FE-4214-B167-B265D32DF4BB}.Debug|Any CPU.Build.0 = Debug|Any CPU
		{915DDDE6-C6FE-4214-B167-B265D32DF4BB}.Release|Any CPU.ActiveCfg = Release|Any CPU
		{915DDDE6-C6FE-4214-B167-B265D32DF4BB}.Release|Any CPU.Build.0 = Release|Any CPU
		{C53FB286-6D23-484D-B655-1F04CBC8580D}.Debug|Any CPU.ActiveCfg = Debug|Any CPU
		{C53FB286-6D23-484D-B655-1F04CBC8580D}.Debug|Any CPU.Build.0 = Debug|Any CPU
		{C53FB286-6D23-484D-B655-1F04CBC8580D}.Release|Any CPU.ActiveCfg = Release|Any CPU
		{C53FB286-6D23-484D-B655-1F04CBC8580D}.Release|Any CPU.Build.0 = Release|Any CPU
		{E86A276A-4B89-44C7-9A3C-0EA6EAA45E41}.Debug|Any CPU.ActiveCfg = Debug|Any CPU
		{E86A276A-4B89-44C7-9A3C-0EA6EAA45E41}.Debug|Any CPU.Build.0 = Debug|Any CPU
		{E86A276A-4B89-44C7-9A3C-0EA6EAA45E41}.Release|Any CPU.ActiveCfg = Release|Any CPU
		{E86A276A-4B89-44C7-9A3C-0EA6EAA45E41}.Release|Any CPU.Build.0 = Release|Any CPU
		{691C8BA7-3BD2-44C8-9E74-F03F2A1A3F9B}.Debug|Any CPU.ActiveCfg = Debug|Any CPU
		{691C8BA7-3BD2-44C8-9E74-F03F2A1A3F9B}.Debug|Any CPU.Build.0 = Debug|Any CPU
		{691C8BA7-3BD2-44C8-9E74-F03F2A1A3F9B}.Release|Any CPU.ActiveCfg = Release|Any CPU
		{691C8BA7-3BD2-44C8-9E74-F03F2A1A3F9B}.Release|Any CPU.Build.0 = Release|Any CPU
		{604AEF91-F42F-4093-ACE8-3BD18597A17C}.Debug|Any CPU.ActiveCfg = Debug|Any CPU
		{604AEF91-F42F-4093-ACE8-3BD18597A17C}.Debug|Any CPU.Build.0 = Debug|Any CPU
		{604AEF91-F42F-4093-ACE8-3BD18597A17C}.Release|Any CPU.ActiveCfg = Release|Any CPU
		{604AEF91-F42F-4093-ACE8-3BD18597A17C}.Release|Any CPU.Build.0 = Release|Any CPU
		{74B65A44-7FAA-4DCE-8A10-6B1D7F5EFFF5}.Debug|Any CPU.ActiveCfg = Debug|Any CPU
		{74B65A44-7FAA-4DCE-8A10-6B1D7F5EFFF5}.Debug|Any CPU.Build.0 = Debug|Any CPU
		{74B65A44-7FAA-4DCE-8A10-6B1D7F5EFFF5}.Release|Any CPU.ActiveCfg = Release|Any CPU
		{74B65A44-7FAA-4DCE-8A10-6B1D7F5EFFF5}.Release|Any CPU.Build.0 = Release|Any CPU
		{4747F01B-5652-486D-8945-284B04096205}.Debug|Any CPU.ActiveCfg = Debug|Any CPU
		{4747F01B-5652-486D-8945-284B04096205}.Debug|Any CPU.Build.0 = Debug|Any CPU
		{4747F01B-5652-486D-8945-284B04096205}.Release|Any CPU.ActiveCfg = Release|Any CPU
		{4747F01B-5652-486D-8945-284B04096205}.Release|Any CPU.Build.0 = Release|Any CPU
		{0F9B6ECE-5425-4D61-B081-3AD3A0CF51B2}.Debug|Any CPU.ActiveCfg = Debug|Any CPU
		{0F9B6ECE-5425-4D61-B081-3AD3A0CF51B2}.Debug|Any CPU.Build.0 = Debug|Any CPU
		{0F9B6ECE-5425-4D61-B081-3AD3A0CF51B2}.Release|Any CPU.ActiveCfg = Release|Any CPU
		{0F9B6ECE-5425-4D61-B081-3AD3A0CF51B2}.Release|Any CPU.Build.0 = Release|Any CPU
		{958A4432-01F2-4DD5-8CDC-2590AA7453B0}.Debug|Any CPU.ActiveCfg = Debug|Any CPU
		{958A4432-01F2-4DD5-8CDC-2590AA7453B0}.Debug|Any CPU.Build.0 = Debug|Any CPU
		{958A4432-01F2-4DD5-8CDC-2590AA7453B0}.Release|Any CPU.ActiveCfg = Release|Any CPU
		{958A4432-01F2-4DD5-8CDC-2590AA7453B0}.Release|Any CPU.Build.0 = Release|Any CPU
		{E2907CDD-D7EF-4259-944F-8A4B1B4612CF}.Debug|Any CPU.ActiveCfg = Debug|Any CPU
		{E2907CDD-D7EF-4259-944F-8A4B1B4612CF}.Debug|Any CPU.Build.0 = Debug|Any CPU
		{E2907CDD-D7EF-4259-944F-8A4B1B4612CF}.Release|Any CPU.ActiveCfg = Release|Any CPU
		{E2907CDD-D7EF-4259-944F-8A4B1B4612CF}.Release|Any CPU.Build.0 = Release|Any CPU
		{240A7652-9877-4344-AE23-0122DA9E08DC}.Debug|Any CPU.ActiveCfg = Debug|Any CPU
		{240A7652-9877-4344-AE23-0122DA9E08DC}.Debug|Any CPU.Build.0 = Debug|Any CPU
		{240A7652-9877-4344-AE23-0122DA9E08DC}.Release|Any CPU.ActiveCfg = Release|Any CPU
		{240A7652-9877-4344-AE23-0122DA9E08DC}.Release|Any CPU.Build.0 = Release|Any CPU
		{3E39A43C-C299-4892-A37C-2B0ED04077AB}.Debug|Any CPU.ActiveCfg = Debug|Any CPU
		{3E39A43C-C299-4892-A37C-2B0ED04077AB}.Debug|Any CPU.Build.0 = Debug|Any CPU
		{3E39A43C-C299-4892-A37C-2B0ED04077AB}.Release|Any CPU.ActiveCfg = Release|Any CPU
		{3E39A43C-C299-4892-A37C-2B0ED04077AB}.Release|Any CPU.Build.0 = Release|Any CPU
		{096FA47B-710E-406B-8CC9-65E06B8DB803}.Debug|Any CPU.ActiveCfg = Debug|Any CPU
		{096FA47B-710E-406B-8CC9-65E06B8DB803}.Debug|Any CPU.Build.0 = Debug|Any CPU
		{096FA47B-710E-406B-8CC9-65E06B8DB803}.Release|Any CPU.ActiveCfg = Release|Any CPU
		{096FA47B-710E-406B-8CC9-65E06B8DB803}.Release|Any CPU.Build.0 = Release|Any CPU
	EndGlobalSection
	GlobalSection(SolutionProperties) = preSolution
		HideSolutionNode = FALSE
	EndGlobalSection
	GlobalSection(NestedProjects) = preSolution
		{7DF4EEC5-FD47-4D37-8563-FD48007183D2} = {254504E6-4D38-419F-9443-5744263DA788}
		{AC6E58B8-2F84-4910-A36C-CC0FC1CEDAB8} = {254504E6-4D38-419F-9443-5744263DA788}
		{2A977B8B-F40F-4D7B-8F63-81506B610FEB} = {254504E6-4D38-419F-9443-5744263DA788}
		{635511D0-EADC-40ED-B119-138A678F76D6} = {AC6E58B8-2F84-4910-A36C-CC0FC1CEDAB8}
		{7FC4E8A7-F6C3-45B9-86BF-E4DC717B9BF2} = {41501FAF-A255-47C3-AECA-4EFA4D7B626F}
		{1366A657-0E06-48BB-A6DC-4222AAD024D5} = {41501FAF-A255-47C3-AECA-4EFA4D7B626F}
		{CDB94373-9789-4622-BCFD-043EC7D11FCD} = {41501FAF-A255-47C3-AECA-4EFA4D7B626F}
		{A1848B7B-CB82-44CE-8CA2-02827FCB1B5F} = {41501FAF-A255-47C3-AECA-4EFA4D7B626F}
		{1F3333D6-E1E7-41EE-95B1-0CFB546F6E4E} = {41501FAF-A255-47C3-AECA-4EFA4D7B626F}
		{A079B24D-623A-4295-BABB-B07D7E3009B2} = {CDB94373-9789-4622-BCFD-043EC7D11FCD}
		{7064E6D8-31F1-411E-B207-3EE73E9B7607} = {CDB94373-9789-4622-BCFD-043EC7D11FCD}
		{C31A4383-FB19-4321-BB89-A9CED1E469D0} = {1366A657-0E06-48BB-A6DC-4222AAD024D5}
		{64C4F85E-1A43-4049-9BD8-440175AAF0A2} = {A1848B7B-CB82-44CE-8CA2-02827FCB1B5F}
		{044F11E5-C658-4A47-A315-41FE7144F127} = {4AC62876-F233-43CA-843E-3739D1125E94}
		{915DDDE6-C6FE-4214-B167-B265D32DF4BB} = {7FC4E8A7-F6C3-45B9-86BF-E4DC717B9BF2}
		{C53FB286-6D23-484D-B655-1F04CBC8580D} = {7FC4E8A7-F6C3-45B9-86BF-E4DC717B9BF2}
		{E86A276A-4B89-44C7-9A3C-0EA6EAA45E41} = {1F3333D6-E1E7-41EE-95B1-0CFB546F6E4E}
		{691C8BA7-3BD2-44C8-9E74-F03F2A1A3F9B} = {AC6E58B8-2F84-4910-A36C-CC0FC1CEDAB8}
		{604AEF91-F42F-4093-ACE8-3BD18597A17C} = {7DF4EEC5-FD47-4D37-8563-FD48007183D2}
		{74B65A44-7FAA-4DCE-8A10-6B1D7F5EFFF5} = {4AC62876-F233-43CA-843E-3739D1125E94}
		{4747F01B-5652-486D-8945-284B04096205} = {2A977B8B-F40F-4D7B-8F63-81506B610FEB}
		{33C0E1C5-AAEA-4705-AB67-A136DCCAD96C} = {254504E6-4D38-419F-9443-5744263DA788}
		{0F9B6ECE-5425-4D61-B081-3AD3A0CF51B2} = {33C0E1C5-AAEA-4705-AB67-A136DCCAD96C}
		{958A4432-01F2-4DD5-8CDC-2590AA7453B0} = {33C0E1C5-AAEA-4705-AB67-A136DCCAD96C}
		{E2907CDD-D7EF-4259-944F-8A4B1B4612CF} = {A079B24D-623A-4295-BABB-B07D7E3009B2}
		{3CEAF4A3-77DA-4FDE-B992-71330794A70B} = {7FC4E8A7-F6C3-45B9-86BF-E4DC717B9BF2}
		{240A7652-9877-4344-AE23-0122DA9E08DC} = {3CEAF4A3-77DA-4FDE-B992-71330794A70B}
		{3E39A43C-C299-4892-A37C-2B0ED04077AB} = {635511D0-EADC-40ED-B119-138A678F76D6}
		{76C78F56-E6D2-4631-8610-E167F6831D7F} = {33C0E1C5-AAEA-4705-AB67-A136DCCAD96C}
		{096FA47B-710E-406B-8CC9-65E06B8DB803} = {76C78F56-E6D2-4631-8610-E167F6831D7F}
	EndGlobalSection
	GlobalSection(ExtensibilityGlobals) = postSolution
		SolutionGuid = {59CBAE67-2D83-474E-B88E-C5CD89306AD5}
	EndGlobalSection
EndGlobal
